{
  "version": 4,
  "terraform_version": "0.15.2",
  "serial": 29,
  "lineage": "b53e16b8-bae6-c5c2-616c-f76534660a44",
  "outputs": {},
  "resources": [
    {
      "mode": "managed",
      "type": "aws_eip",
      "name": "nat",
      "provider": "provider[\"registry.terraform.io/hashicorp/aws\"]",
      "instances": [
        {
          "schema_version": 0,
          "attributes": {
            "address": null,
            "allocation_id": null,
            "associate_with_private_ip": null,
            "association_id": "eipassoc-024699dcab878351b",
            "carrier_ip": "",
            "customer_owned_ip": "",
            "customer_owned_ipv4_pool": "",
            "domain": "vpc",
            "id": "eipalloc-0734dc5ec0c35a64f",
            "instance": "",
            "network_border_group": "ap-northeast-2",
            "network_interface": "eni-002f39ce6d2cc6262",
            "private_dns": "ip-10-0-0-185.ap-northeast-2.compute.internal",
            "private_ip": "10.0.0.185",
            "public_dns": "ec2-54-180-58-154.ap-northeast-2.compute.amazonaws.com",
            "public_ip": "54.180.58.154",
            "public_ipv4_pool": "amazon",
            "tags": {},
            "tags_all": {},
            "timeouts": null,
            "vpc": true
          },
          "sensitive_attributes": [],
          "private": "eyJlMmJmYjczMC1lY2FhLTExZTYtOGY4OC0zNDM2M2JjN2M0YzAiOnsiZGVsZXRlIjoxODAwMDAwMDAwMDAsInJlYWQiOjkwMDAwMDAwMDAwMCwidXBkYXRlIjozMDAwMDAwMDAwMDB9fQ==",
          "create_before_destroy": true
        }
      ]
    },
    {
      "mode": "managed",
      "type": "aws_instance",
      "name": "yd-test-instance",
      "provider": "provider[\"registry.terraform.io/hashicorp/aws\"]",
      "instances": [
        {
          "schema_version": 1,
          "attributes": {
            "ami": "ami-0ba5cd124d7a79612",
            "arn": "arn:aws:ec2:ap-northeast-2:285169994219:instance/i-0f06f816cc5dc3da5",
            "associate_public_ip_address": true,
            "availability_zone": "ap-northeast-2c",
            "cpu_core_count": 1,
            "cpu_threads_per_core": 1,
            "credit_specification": [
              {
                "cpu_credits": "standard"
              }
            ],
            "disable_api_termination": false,
            "ebs_block_device": [],
            "ebs_optimized": false,
            "enclave_options": [
              {
                "enabled": false
              }
            ],
            "ephemeral_block_device": [],
            "get_password_data": false,
            "hibernation": false,
            "host_id": null,
            "iam_instance_profile": "",
            "id": "i-0f06f816cc5dc3da5",
            "instance_initiated_shutdown_behavior": "stop",
            "instance_state": "running",
            "instance_type": "t2.micro",
            "ipv6_address_count": 0,
            "ipv6_addresses": [],
            "key_name": "adminyd",
            "metadata_options": [
              {
                "http_endpoint": "enabled",
                "http_put_response_hop_limit": 1,
                "http_tokens": "optional"
              }
            ],
            "monitoring": false,
            "network_interface": [],
            "outpost_arn": "",
            "password_data": "",
            "placement_group": "",
            "primary_network_interface_id": "eni-0f1a9bdf0f1e4d4e1",
            "private_dns": "ip-10-0-0-68.ap-northeast-2.compute.internal",
            "private_ip": "10.0.0.68",
            "public_dns": "",
            "public_ip": "54.180.147.211",
            "root_block_device": [
              {
                "delete_on_termination": true,
                "device_name": "/dev/sda1",
                "encrypted": false,
                "iops": 100,
                "kms_key_id": "",
                "tags": {},
                "throughput": 0,
                "volume_id": "vol-00ee74c4515653567",
                "volume_size": 8,
                "volume_type": "gp2"
              }
            ],
            "secondary_private_ips": [],
            "security_groups": [],
            "source_dest_check": true,
            "subnet_id": "subnet-0a8a46a52cb2bb96d",
            "tags": {
              "Name": "yd-test-instance"
            },
            "tags_all": {
              "Name": "yd-test-instance"
            },
            "tenancy": "default",
            "timeouts": null,
            "user_data": null,
            "user_data_base64": null,
            "volume_tags": null,
            "vpc_security_group_ids": [
              "sg-01a23ca145542a26d"
            ]
          },
          "sensitive_attributes": [],
          "private": "eyJlMmJmYjczMC1lY2FhLTExZTYtOGY4OC0zNDM2M2JjN2M0YzAiOnsiY3JlYXRlIjo2MDAwMDAwMDAwMDAsImRlbGV0ZSI6MTIwMDAwMDAwMDAwMCwidXBkYXRlIjo2MDAwMDAwMDAwMDB9LCJzY2hlbWFfdmVyc2lvbiI6IjEifQ==",
          "dependencies": [
            "aws_subnet.public_subnet",
            "aws_vpc.main",
            "aws_key_pair.adminyd",
            "aws_security_group.yd-sg"
          ]
        }
      ]
    },
    {
      "mode": "managed",
      "type": "aws_internet_gateway",
      "name": "igw",
      "provider": "provider[\"registry.terraform.io/hashicorp/aws\"]",
      "instances": [
        {
          "schema_version": 0,
          "attributes": {
            "arn": "arn:aws:ec2:ap-northeast-2:285169994219:internet-gateway/igw-0917bd70d817a8092",
            "id": "igw-0917bd70d817a8092",
            "owner_id": "285169994219",
            "tags": {
              "Name": "terraform-yd-igw"
            },
            "tags_all": {
              "Name": "terraform-yd-igw"
            },
            "vpc_id": "vpc-07a568d38dfc4a61c"
          },
          "sensitive_attributes": [],
          "private": "bnVsbA==",
          "dependencies": [
            "aws_vpc.main"
          ]
        }
      ]
    },
    {
      "mode": "managed",
      "type": "aws_key_pair",
      "name": "adminyd",
      "provider": "provider[\"registry.terraform.io/hashicorp/aws\"]",
      "instances": [
        {
          "schema_version": 1,
          "attributes": {
            "arn": "arn:aws:ec2:ap-northeast-2:285169994219:key-pair/adminyd",
            "fingerprint": "2f:45:b2:8c:07:3d:e9:60:9c:31:d4:2f:dd:55:f3:ef",
            "id": "adminyd",
            "key_name": "adminyd",
            "key_name_prefix": null,
            "key_pair_id": "key-035495a969f90cb22",
            "public_key": "ssh-rsa AAAAB3NzaC1yc2EAAAADAQABAAACAQC0KzyFAzomNnBmtxbfT9FAmVyz2+N2osuBt//SkuCb8TnXrm3m65V6cjvxBOqWm7Xg52z2VEI051CcDxvNZb1B9mrCWMnwODIq1pVegbHAZ6FIgq+q7cGxGTtluPRgQ2MaWtGbtpWDmFW/hhsp4hRAWjb3sNaIQvXuQqGTjYxopcLilOf4CrZEqbZdN/dmGZ21elVWIJInlxI6jrmq/q6x7hA3bZE+XAopJC3DiPmDPsNzKJk18Jdhk4WNReN+ELCtbghDkTLg5DKnnelaA+cu3USYO8KM5vPJOhyRjBBDodQUdJxhsXwkEmszSV+3GLdsOH0H2Pjgr7qh7lHyYKznJ0ofg8UwckowtKsLUFa2oeNAEoxeyUkCqXlstfCJmL3lAnk0+mtyvnnQDUFcnMb42jsGA3eZOockFzjYC9XB/brR8MS1bgn33EzGriorLaK+ghzBSb/gukeK/dC0I5RjLG0X4k+tui9dVtUEFKyz6ODXhPOp0/PnB76RNPgxvh8sGBuvRdcAhjz2i74FZwJUROEkfcC7mq9GPKNJZWSksqRs/TlEj13A8WHNqIGB/AgpvzgE3BUl/WkwvHMaX1wPD1X7HKVd9ttwTm9ipHNYrsATDB6bcNk2QKWkZHa4qzt20spKENcgTTO2Tn36AzBRV+XIcP5y4yTnLPIP22f1Sw== zeroistfilm@naver.com",
            "tags": {},
            "tags_all": {}
          },
          "sensitive_attributes": [],
          "private": "eyJzY2hlbWFfdmVyc2lvbiI6IjEifQ=="
        }
      ]
    },
    {
      "mode": "managed",
      "type": "aws_route",
      "name": "public",
      "provider": "provider[\"registry.terraform.io/hashicorp/aws\"]",
      "instances": [
        {
          "schema_version": 0,
          "attributes": {
            "carrier_gateway_id": "",
            "destination_cidr_block": "0.0.0.0/0",
            "destination_ipv6_cidr_block": "",
            "destination_prefix_list_id": "",
            "egress_only_gateway_id": "",
            "gateway_id": "igw-0917bd70d817a8092",
            "id": "r-rtb-0b20ec35dea17fe231080289494",
            "instance_id": "",
            "instance_owner_id": "",
            "local_gateway_id": "",
            "nat_gateway_id": "",
            "network_interface_id": "",
            "origin": "CreateRoute",
            "route_table_id": "rtb-0b20ec35dea17fe23",
            "state": "active",
            "timeouts": null,
            "transit_gateway_id": "",
            "vpc_endpoint_id": "",
            "vpc_peering_connection_id": ""
          },
          "sensitive_attributes": [],
          "private": "eyJlMmJmYjczMC1lY2FhLTExZTYtOGY4OC0zNDM2M2JjN2M0YzAiOnsiY3JlYXRlIjoxMjAwMDAwMDAwMDAsImRlbGV0ZSI6MzAwMDAwMDAwMDAwfX0=",
          "dependencies": [
            "aws_internet_gateway.igw",
            "aws_route_table.public",
            "aws_vpc.main"
          ]
        }
      ]
    },
    {
      "mode": "managed",
      "type": "aws_route_table",
      "name": "public",
      "provider": "provider[\"registry.terraform.io/hashicorp/aws\"]",
      "instances": [
        {
          "schema_version": 0,
          "attributes": {
            "arn": "arn:aws:ec2:ap-northeast-2:285169994219:route-table/rtb-0b20ec35dea17fe23",
            "id": "rtb-0b20ec35dea17fe23",
            "owner_id": "285169994219",
            "propagating_vgws": [],
            "route": [
              {
                "carrier_gateway_id": "",
                "cidr_block": "0.0.0.0/0",
                "destination_prefix_list_id": "",
                "egress_only_gateway_id": "",
                "gateway_id": "igw-0917bd70d817a8092",
                "instance_id": "",
                "ipv6_cidr_block": "",
                "local_gateway_id": "",
                "nat_gateway_id": "",
                "network_interface_id": "",
                "transit_gateway_id": "",
                "vpc_endpoint_id": "",
                "vpc_peering_connection_id": ""
              }
            ],
            "tags": {
              "Name": "terraform-yd-rt-public"
            },
            "tags_all": {
              "Name": "terraform-yd-rt-public"
            },
            "vpc_id": "vpc-07a568d38dfc4a61c"
          },
          "sensitive_attributes": [],
          "private": "bnVsbA==",
          "dependencies": [
            "aws_vpc.main"
          ]
        }
      ]
    },
    {
      "mode": "managed",
      "type": "aws_route_table_association",
      "name": "route-table_association_public",
      "provider": "provider[\"registry.terraform.io/hashicorp/aws\"]",
      "instances": [
        {
          "schema_version": 0,
          "attributes": {
            "gateway_id": null,
            "id": "rtbassoc-07387dcfb2338939e",
            "route_table_id": "rtb-0b20ec35dea17fe23",
            "subnet_id": "subnet-0a8a46a52cb2bb96d"
          },
          "sensitive_attributes": [],
          "private": "bnVsbA==",
          "dependencies": [
            "aws_route_table.public",
            "aws_subnet.public_subnet",
            "aws_vpc.main"
          ]
        }
      ]
    },
    {
      "mode": "managed",
      "type": "aws_security_group",
      "name": "yd-sg",
      "provider": "provider[\"registry.terraform.io/hashicorp/aws\"]",
      "instances": [
        {
          "schema_version": 1,
          "attributes": {
            "arn": "arn:aws:ec2:ap-northeast-2:285169994219:security-group/sg-01a23ca145542a26d",
            "description": "Managed by Terraform",
            "egress": [
              {
                "cidr_blocks": [
                  "0.0.0.0/0"
                ],
                "description": "",
                "from_port": 0,
                "ipv6_cidr_blocks": [],
                "prefix_list_ids": [],
                "protocol": "-1",
                "security_groups": [],
                "self": false,
                "to_port": 0
              }
            ],
            "id": "sg-01a23ca145542a26d",
            "ingress": [
              {
                "cidr_blocks": [
                  "0.0.0.0/0"
                ],
                "description": "Nodejs",
                "from_port": 5000,
                "ipv6_cidr_blocks": [],
                "prefix_list_ids": [],
                "protocol": "tcp",
                "security_groups": [],
                "self": false,
                "to_port": 5000
              },
              {
                "cidr_blocks": [
                  "0.0.0.0/0"
                ],
                "description": "ssh",
                "from_port": 22,
                "ipv6_cidr_blocks": [],
                "prefix_list_ids": [],
                "protocol": "tcp",
                "security_groups": [],
                "self": false,
                "to_port": 22
              }
            ],
            "name": "yd-sg",
            "name_prefix": "",
            "owner_id": "285169994219",
            "revoke_rules_on_delete": false,
            "tags": {
              "Name": "yd-sg"
            },
            "tags_all": {
              "Name": "yd-sg"
            },
            "timeouts": null,
            "vpc_id": "vpc-07a568d38dfc4a61c"
          },
          "sensitive_attributes": [],
          "private": "eyJlMmJmYjczMC1lY2FhLTExZTYtOGY4OC0zNDM2M2JjN2M0YzAiOnsiY3JlYXRlIjo2MDAwMDAwMDAwMDAsImRlbGV0ZSI6OTAwMDAwMDAwMDAwfSwic2NoZW1hX3ZlcnNpb24iOiIxIn0=",
          "dependencies": [
            "aws_vpc.main"
          ]
        }
      ]
    },
    {
      "mode": "managed",
      "type": "aws_subnet",
      "name": "public_subnet",
      "provider": "provider[\"registry.terraform.io/hashicorp/aws\"]",
      "instances": [
        {
          "schema_version": 1,
          "attributes": {
            "arn": "arn:aws:ec2:ap-northeast-2:285169994219:subnet/subnet-0a8a46a52cb2bb96d",
            "assign_ipv6_address_on_creation": false,
            "availability_zone": "ap-northeast-2c",
            "availability_zone_id": "apne2-az3",
            "cidr_block": "10.0.0.0/24",
            "customer_owned_ipv4_pool": "",
            "id": "subnet-0a8a46a52cb2bb96d",
            "ipv6_cidr_block": "",
            "ipv6_cidr_block_association_id": "",
            "map_customer_owned_ip_on_launch": false,
            "map_public_ip_on_launch": false,
            "outpost_arn": "",
            "owner_id": "285169994219",
            "tags": {
              "Name": "terraform-yd-public_subnet"
            },
            "tags_all": {
              "Name": "terraform-yd-public_subnet"
            },
            "timeouts": null,
            "vpc_id": "vpc-07a568d38dfc4a61c"
          },
          "sensitive_attributes": [],
          "private": "eyJlMmJmYjczMC1lY2FhLTExZTYtOGY4OC0zNDM2M2JjN2M0YzAiOnsiY3JlYXRlIjo2MDAwMDAwMDAwMDAsImRlbGV0ZSI6MTIwMDAwMDAwMDAwMH0sInNjaGVtYV92ZXJzaW9uIjoiMSJ9",
          "dependencies": [
            "aws_vpc.main"
          ]
        }
      ]
    },
    {
      "mode": "managed",
      "type": "aws_vpc",
      "name": "main",
      "provider": "provider[\"registry.terraform.io/hashicorp/aws\"]",
      "instances": [
        {
          "schema_version": 1,
          "attributes": {
            "arn": "arn:aws:ec2:ap-northeast-2:285169994219:vpc/vpc-07a568d38dfc4a61c",
            "assign_generated_ipv6_cidr_block": false,
            "cidr_block": "10.0.0.0/16",
            "default_network_acl_id": "acl-05fe12e1169454a39",
            "default_route_table_id": "rtb-0de9ad0bb60c4efe1",
            "default_security_group_id": "sg-0642fd5450a720478",
            "dhcp_options_id": "dopt-719ce91a",
            "enable_classiclink": null,
            "enable_classiclink_dns_support": null,
            "enable_dns_hostnames": false,
            "enable_dns_support": true,
            "id": "vpc-07a568d38dfc4a61c",
            "instance_tenancy": "default",
            "ipv6_association_id": "",
            "ipv6_cidr_block": "",
            "main_route_table_id": "rtb-0de9ad0bb60c4efe1",
            "owner_id": "285169994219",
            "tags": {
              "Name": "terraform-yd"
            },
            "tags_all": {
              "Name": "terraform-yd"
            }
          },
          "sensitive_attributes": [],
          "private": "eyJzY2hlbWFfdmVyc2lvbiI6IjEifQ=="
        }
      ]
    }
  ]
}
